
Microsoft Visual Studio Solution File, Format Version 12.00
# Visual Studio Version 16
VisualStudioVersion = 16.0.31729.503
MinimumVisualStudioVersion = 10.0.40219.1
Project("{9A19103F-16F7-4668-BE54-9A1E7A4F7556}") = "Zadanie1", "Zadanie1\Zadanie1.csproj", "{57AF9DD2-7EA3-4A6A-8BA2-E2124A8DB80F}"
EndProject
Project("{FAE04EC0-301F-11D3-BF4B-00C04F79EFBC}") = "TestProject1", "TestProject1\TestProject1.csproj", "{6A176E6B-EDEC-4C4E-B915-B68B42FE2279}"
EndProject
Project("{FAE04EC0-301F-11D3-BF4B-00C04F79EFBC}") = "Zadanie3", "Zadanie3\Zadanie3.csproj", "{91336E8D-EF21-418A-BEA9-10D83558A82C}"
EndProject
Global
	GlobalSection(SolutionConfigurationPlatforms) = preSolution
		Debug|Any CPU = Debug|Any CPU
		Release|Any CPU = Release|Any CPU
	EndGlobalSection
	GlobalSection(ProjectConfigurationPlatforms) = postSolution
		{57AF9DD2-7EA3-4A6A-8BA2-E2124A8DB80F}.Debug|Any CPU.ActiveCfg = Debug|Any CPU
		{57AF9DD2-7EA3-4A6A-8BA2-E2124A8DB80F}.Debug|Any CPU.Build.0 = Debug|Any CPU
		{57AF9DD2-7EA3-4A6A-8BA2-E2124A8DB80F}.Release|Any CPU.ActiveCfg = Release|Any CPU
		{57AF9DD2-7EA3-4A6A-8BA2-E2124A8DB80F}.Release|Any CPU.Build.0 = Release|Any CPU
		{6A176E6B-EDEC-4C4E-B915-B68B42FE2279}.Debug|Any CPU.ActiveCfg = Debug|Any CPU
		{6A176E6B-EDEC-4C4E-B915-B68B42FE2279}.Debug|Any CPU.Build.0 = Debug|Any CPU
		{6A176E6B-EDEC-4C4E-B915-B68B42FE2279}.Release|Any CPU.ActiveCfg = Release|Any CPU
		{6A176E6B-EDEC-4C4E-B915-B68B42FE2279}.Release|Any CPU.Build.0 = Release|Any CPU
		{91336E8D-EF21-418A-BEA9-10D83558A82C}.Debug|Any CPU.ActiveCfg = Debug|Any CPU
		{91336E8D-EF21-418A-BEA9-10D83558A82C}.Debug|Any CPU.Build.0 = Debug|Any CPU
		{91336E8D-EF21-418A-BEA9-10D83558A82C}.Release|Any CPU.ActiveCfg = Release|Any CPU
		{91336E8D-EF21-418A-BEA9-10D83558A82C}.Release|Any CPU.Build.0 = Release|Any CPU
	EndGlobalSection
	GlobalSection(SolutionProperties) = preSolution
		HideSolutionNode = FALSE
	EndGlobalSection
	GlobalSection(ExtensibilityGlobals) = postSolution
		SolutionGuid = {3E9D9906-3549-4381-AED3-665A7656625C}
	EndGlobalSection
EndGlobal
