
Microsoft Visual Studio Solution File, Format Version 12.00
# Visual Studio Version 16
VisualStudioVersion = 16.0.31729.503
MinimumVisualStudioVersion = 10.0.40219.1
Project("{9A19103F-16F7-4668-BE54-9A1E7A4F7556}") = "Zadanie1", "Zadanie1\Zadanie1.csproj", "{57AF9DD2-7EA3-4A6A-8BA2-E2124A8DB80F}"
EndProject
Project("{9A19103F-16F7-4668-BE54-9A1E7A4F7556}") = "TestProject1", "TestProject1\TestProject1.csproj", "{6A176E6B-EDEC-4C4E-B915-B68B42FE2279}"
EndProject
Project("{9A19103F-16F7-4668-BE54-9A1E7A4F7556}") = "Zadanie3", "Zadanie3\Zadanie3.csproj", "{91336E8D-EF21-418A-BEA9-10D83558A82C}"
EndProject
Project("{9A19103F-16F7-4668-BE54-9A1E7A4F7556}") = "Zadanie2", "Zadanie2\Zadanie2.csproj", "{24617ACB-A4C3-40CA-8993-3C5B1E863F9F}"
EndProject
Project("{9A19103F-16F7-4668-BE54-9A1E7A4F7556}") = "TestProject2", "TestProject2\TestProject2.csproj", "{B08865F5-3A2C-4C1D-9562-0A7690ECB4A7}"
EndProject
Project("{FAE04EC0-301F-11D3-BF4B-00C04F79EFBC}") = "TestProject3", "TestProject3\TestProject3.csproj", "{D44AFE1E-7233-44EF-9CDB-03B2E61D5D20}"
EndProject
Global
	GlobalSection(SolutionConfigurationPlatforms) = preSolution
		Debug|Any CPU = Debug|Any CPU
		Release|Any CPU = Release|Any CPU
	EndGlobalSection
	GlobalSection(ProjectConfigurationPlatforms) = postSolution
		{57AF9DD2-7EA3-4A6A-8BA2-E2124A8DB80F}.Debug|Any CPU.ActiveCfg = Debug|Any CPU
		{57AF9DD2-7EA3-4A6A-8BA2-E2124A8DB80F}.Debug|Any CPU.Build.0 = Debug|Any CPU
		{57AF9DD2-7EA3-4A6A-8BA2-E2124A8DB80F}.Release|Any CPU.ActiveCfg = Release|Any CPU
		{57AF9DD2-7EA3-4A6A-8BA2-E2124A8DB80F}.Release|Any CPU.Build.0 = Release|Any CPU
		{6A176E6B-EDEC-4C4E-B915-B68B42FE2279}.Debug|Any CPU.ActiveCfg = Debug|Any CPU
		{6A176E6B-EDEC-4C4E-B915-B68B42FE2279}.Debug|Any CPU.Build.0 = Debug|Any CPU
		{6A176E6B-EDEC-4C4E-B915-B68B42FE2279}.Release|Any CPU.ActiveCfg = Release|Any CPU
		{6A176E6B-EDEC-4C4E-B915-B68B42FE2279}.Release|Any CPU.Build.0 = Release|Any CPU
		{91336E8D-EF21-418A-BEA9-10D83558A82C}.Debug|Any CPU.ActiveCfg = Debug|Any CPU
		{91336E8D-EF21-418A-BEA9-10D83558A82C}.Debug|Any CPU.Build.0 = Debug|Any CPU
		{91336E8D-EF21-418A-BEA9-10D83558A82C}.Release|Any CPU.ActiveCfg = Release|Any CPU
		{91336E8D-EF21-418A-BEA9-10D83558A82C}.Release|Any CPU.Build.0 = Release|Any CPU
		{24617ACB-A4C3-40CA-8993-3C5B1E863F9F}.Debug|Any CPU.ActiveCfg = Debug|Any CPU
		{24617ACB-A4C3-40CA-8993-3C5B1E863F9F}.Debug|Any CPU.Build.0 = Debug|Any CPU
		{24617ACB-A4C3-40CA-8993-3C5B1E863F9F}.Release|Any CPU.ActiveCfg = Release|Any CPU
		{24617ACB-A4C3-40CA-8993-3C5B1E863F9F}.Release|Any CPU.Build.0 = Release|Any CPU
		{B08865F5-3A2C-4C1D-9562-0A7690ECB4A7}.Debug|Any CPU.ActiveCfg = Debug|Any CPU
		{B08865F5-3A2C-4C1D-9562-0A7690ECB4A7}.Debug|Any CPU.Build.0 = Debug|Any CPU
		{B08865F5-3A2C-4C1D-9562-0A7690ECB4A7}.Release|Any CPU.ActiveCfg = Release|Any CPU
		{B08865F5-3A2C-4C1D-9562-0A7690ECB4A7}.Release|Any CPU.Build.0 = Release|Any CPU
		{D44AFE1E-7233-44EF-9CDB-03B2E61D5D20}.Debug|Any CPU.ActiveCfg = Debug|Any CPU
		{D44AFE1E-7233-44EF-9CDB-03B2E61D5D20}.Debug|Any CPU.Build.0 = Debug|Any CPU
		{D44AFE1E-7233-44EF-9CDB-03B2E61D5D20}.Release|Any CPU.ActiveCfg = Release|Any CPU
		{D44AFE1E-7233-44EF-9CDB-03B2E61D5D20}.Release|Any CPU.Build.0 = Release|Any CPU
	EndGlobalSection
	GlobalSection(SolutionProperties) = preSolution
		HideSolutionNode = FALSE
	EndGlobalSection
	GlobalSection(ExtensibilityGlobals) = postSolution
		SolutionGuid = {3E9D9906-3549-4381-AED3-665A7656625C}
	EndGlobalSection
EndGlobal
